// !$*UTF8*$!
{
	archiveVersion = 1;
	classes = {
	};
	objectVersion = 46;
	objects = {

/* Begin PBXBuildFile section */
		A22F1CF51EFED8DE00654A95 /* main.cpp in Sources */ = {isa = PBXBuildFile; fileRef = A22F1CF41EFED8DE00654A95 /* main.cpp */; };
		A22F1CFC1EFEDD1000654A95 /* ImageIO.cpp in Sources */ = {isa = PBXBuildFile; fileRef = A22F1CFA1EFEDD1000654A95 /* ImageIO.cpp */; };
		A22F1D021EFEE18B00654A95 /* EnergyCalculator.cpp in Sources */ = {isa = PBXBuildFile; fileRef = A22F1D001EFEE18B00654A95 /* EnergyCalculator.cpp */; };
		A22F1D051EFEE1BC00654A95 /* Pixel.cpp in Sources */ = {isa = PBXBuildFile; fileRef = A22F1D031EFEE1BC00654A95 /* Pixel.cpp */; };
		A22F1D081EFEE30500654A95 /* SeamCarver.cpp in Sources */ = {isa = PBXBuildFile; fileRef = A22F1D061EFEE30500654A95 /* SeamCarver.cpp */; };
		A22F1D0B1EFEFE7400654A95 /* Heap.cpp in Sources */ = {isa = PBXBuildFile; fileRef = A22F1D091EFEFE7400654A95 /* Heap.cpp */; };
/* End PBXBuildFile section */

/* Begin PBXCopyFilesBuildPhase section */
		A22F1CE71EFED88400654A95 /* CopyFiles */ = {
			isa = PBXCopyFilesBuildPhase;
			buildActionMask = 2147483647;
			dstPath = /usr/share/man/man1/;
			dstSubfolderSpec = 0;
			files = (
			);
			runOnlyForDeploymentPostprocessing = 1;
		};
/* End PBXCopyFilesBuildPhase section */

/* Begin PBXFileReference section */
		A22F1CE91EFED88400654A95 /* SeamCarver */ = {isa = PBXFileReference; explicitFileType = "compiled.mach-o.executable"; includeInIndex = 0; path = SeamCarver; sourceTree = BUILT_PRODUCTS_DIR; };
		A22F1CF31EFED8DE00654A95 /* CImg.hpp */ = {isa = PBXFileReference; fileEncoding = 4; lastKnownFileType = sourcecode.cpp.h; path = CImg.hpp; sourceTree = "<group>"; };
		A22F1CF41EFED8DE00654A95 /* main.cpp */ = {isa = PBXFileReference; fileEncoding = 4; lastKnownFileType = sourcecode.cpp.cpp; path = main.cpp; sourceTree = "<group>"; };
		A22F1CF81EFEDC0900654A95 /* config.hpp */ = {isa = PBXFileReference; fileEncoding = 4; lastKnownFileType = sourcecode.cpp.h; path = config.hpp; sourceTree = "<group>"; };
		A22F1CFA1EFEDD1000654A95 /* ImageIO.cpp */ = {isa = PBXFileReference; fileEncoding = 4; lastKnownFileType = sourcecode.cpp.cpp; path = ImageIO.cpp; sourceTree = "<group>"; };
		A22F1CFB1EFEDD1000654A95 /* ImageIO.hpp */ = {isa = PBXFileReference; fileEncoding = 4; lastKnownFileType = sourcecode.cpp.h; path = ImageIO.hpp; sourceTree = "<group>"; };
		A22F1D001EFEE18B00654A95 /* EnergyCalculator.cpp */ = {isa = PBXFileReference; fileEncoding = 4; lastKnownFileType = sourcecode.cpp.cpp; path = EnergyCalculator.cpp; sourceTree = "<group>"; };
		A22F1D011EFEE18B00654A95 /* EnergyCalculator.hpp */ = {isa = PBXFileReference; fileEncoding = 4; lastKnownFileType = sourcecode.cpp.h; path = EnergyCalculator.hpp; sourceTree = "<group>"; };
		A22F1D031EFEE1BC00654A95 /* Pixel.cpp */ = {isa = PBXFileReference; fileEncoding = 4; lastKnownFileType = sourcecode.cpp.cpp; path = Pixel.cpp; sourceTree = "<group>"; };
		A22F1D041EFEE1BC00654A95 /* Pixel.hpp */ = {isa = PBXFileReference; fileEncoding = 4; lastKnownFileType = sourcecode.cpp.h; path = Pixel.hpp; sourceTree = "<group>"; };
		A22F1D061EFEE30500654A95 /* SeamCarver.cpp */ = {isa = PBXFileReference; fileEncoding = 4; lastKnownFileType = sourcecode.cpp.cpp; path = SeamCarver.cpp; sourceTree = "<group>"; };
		A22F1D071EFEE30500654A95 /* SeamCarver.hpp */ = {isa = PBXFileReference; fileEncoding = 4; lastKnownFileType = sourcecode.cpp.h; path = SeamCarver.hpp; sourceTree = "<group>"; };
		A22F1D091EFEFE7400654A95 /* Heap.cpp */ = {isa = PBXFileReference; fileEncoding = 4; lastKnownFileType = sourcecode.cpp.cpp; path = Heap.cpp; sourceTree = "<group>"; };
		A22F1D0A1EFEFE7400654A95 /* Heap.hpp */ = {isa = PBXFileReference; fileEncoding = 4; lastKnownFileType = sourcecode.cpp.h; path = Heap.hpp; sourceTree = "<group>"; };
/* End PBXFileReference section */

/* Begin PBXFrameworksBuildPhase section */
		A22F1CE61EFED88400654A95 /* Frameworks */ = {
			isa = PBXFrameworksBuildPhase;
			buildActionMask = 2147483647;
			files = (
			);
			runOnlyForDeploymentPostprocessing = 0;
		};
/* End PBXFrameworksBuildPhase section */

/* Begin PBXGroup section */
		A22F1CE01EFED88400654A95 = {
			isa = PBXGroup;
			children = (
				A22F1CEB1EFED88400654A95 /* SeamCarver */,
				A22F1CEA1EFED88400654A95 /* Products */,
			);
			sourceTree = "<group>";
		};
		A22F1CEA1EFED88400654A95 /* Products */ = {
			isa = PBXGroup;
			children = (
				A22F1CE91EFED88400654A95 /* SeamCarver */,
			);
			name = Products;
			path = build;
			sourceTree = "<group>";
		};
		A22F1CEB1EFED88400654A95 /* SeamCarver */ = {
			isa = PBXGroup;
			children = (
				A22F1CF41EFED8DE00654A95 /* main.cpp */,
				A22F1CF81EFEDC0900654A95 /* config.hpp */,
				A22F1D041EFEE1BC00654A95 /* Pixel.hpp */,
				A22F1D031EFEE1BC00654A95 /* Pixel.cpp */,
				A22F1CFB1EFEDD1000654A95 /* ImageIO.hpp */,
				A22F1CFA1EFEDD1000654A95 /* ImageIO.cpp */,
				A22F1D011EFEE18B00654A95 /* EnergyCalculator.hpp */,
				A22F1D001EFEE18B00654A95 /* EnergyCalculator.cpp */,
				A22F1D0A1EFEFE7400654A95 /* Heap.hpp */,
				A22F1D091EFEFE7400654A95 /* Heap.cpp */,
				A22F1D071EFEE30500654A95 /* SeamCarver.hpp */,
				A22F1D061EFEE30500654A95 /* SeamCarver.cpp */,
				A22F1CF61EFED8E400654A95 /* CImg */,
			);
			name = SeamCarver;
			path = ../Sources;
			sourceTree = "<group>";
		};
		A22F1CF61EFED8E400654A95 /* CImg */ = {
			isa = PBXGroup;
			children = (
				A22F1CF31EFED8DE00654A95 /* CImg.hpp */,
			);
			name = CImg;
			sourceTree = "<group>";
		};
/* End PBXGroup section */

/* Begin PBXNativeTarget section */
		A22F1CE81EFED88400654A95 /* SeamCarver */ = {
			isa = PBXNativeTarget;
			buildConfigurationList = A22F1CF01EFED88400654A95 /* Build configuration list for PBXNativeTarget "SeamCarver" */;
			buildPhases = (
				A22F1CE51EFED88400654A95 /* Sources */,
				A22F1CE61EFED88400654A95 /* Frameworks */,
				A22F1CE71EFED88400654A95 /* CopyFiles */,
			);
			buildRules = (
			);
			dependencies = (
			);
			name = SeamCarver;
			productName = SeamCarver;
			productReference = A22F1CE91EFED88400654A95 /* SeamCarver */;
			productType = "com.apple.product-type.tool";
		};
/* End PBXNativeTarget section */

/* Begin PBXProject section */
		A22F1CE11EFED88400654A95 /* Project object */ = {
			isa = PBXProject;
			attributes = {
				LastUpgradeCheck = 0830;
				ORGANIZATIONNAME = "Guo Chen";
				TargetAttributes = {
					A22F1CE81EFED88400654A95 = {
						CreatedOnToolsVersion = 8.3;
						ProvisioningStyle = Automatic;
					};
				};
			};
			buildConfigurationList = A22F1CE41EFED88400654A95 /* Build configuration list for PBXProject "SeamCarver" */;
			compatibilityVersion = "Xcode 3.2";
			developmentRegion = English;
			hasScannedForEncodings = 0;
			knownRegions = (
				en,
			);
			mainGroup = A22F1CE01EFED88400654A95;
			productRefGroup = A22F1CEA1EFED88400654A95 /* Products */;
			projectDirPath = "";
			projectRoot = "";
			targets = (
				A22F1CE81EFED88400654A95 /* SeamCarver */,
			);
		};
/* End PBXProject section */

/* Begin PBXSourcesBuildPhase section */
		A22F1CE51EFED88400654A95 /* Sources */ = {
			isa = PBXSourcesBuildPhase;
			buildActionMask = 2147483647;
			files = (
				A22F1D051EFEE1BC00654A95 /* Pixel.cpp in Sources */,
				A22F1CF51EFED8DE00654A95 /* main.cpp in Sources */,
				A22F1D021EFEE18B00654A95 /* EnergyCalculator.cpp in Sources */,
				A22F1D0B1EFEFE7400654A95 /* Heap.cpp in Sources */,
				A22F1D081EFEE30500654A95 /* SeamCarver.cpp in Sources */,
				A22F1CFC1EFEDD1000654A95 /* ImageIO.cpp in Sources */,
			);
			runOnlyForDeploymentPostprocessing = 0;
		};
/* End PBXSourcesBuildPhase section */

/* Begin XCBuildConfiguration section */
		A22F1CEE1EFED88400654A95 /* Debug */ = {
			isa = XCBuildConfiguration;
			buildSettings = {
				ALWAYS_SEARCH_USER_PATHS = NO;
				CLANG_ANALYZER_NONNULL = YES;
				CLANG_ANALYZER_NUMBER_OBJECT_CONVERSION = YES_AGGRESSIVE;
				CLANG_CXX_LANGUAGE_STANDARD = "gnu++0x";
				CLANG_CXX_LIBRARY = "libc++";
				CLANG_ENABLE_MODULES = YES;
				CLANG_ENABLE_OBJC_ARC = YES;
				CLANG_WARN_BOOL_CONVERSION = YES;
				CLANG_WARN_CONSTANT_CONVERSION = YES;
				CLANG_WARN_DIRECT_OBJC_ISA_USAGE = YES_ERROR;
				CLANG_WARN_DOCUMENTATION_COMMENTS = YES;
				CLANG_WARN_EMPTY_BODY = YES;
				CLANG_WARN_ENUM_CONVERSION = YES;
				CLANG_WARN_INFINITE_RECURSION = YES;
				CLANG_WARN_INT_CONVERSION = YES;
				CLANG_WARN_OBJC_ROOT_CLASS = YES_ERROR;
				CLANG_WARN_SUSPICIOUS_MOVE = YES;
				CLANG_WARN_UNREACHABLE_CODE = YES;
				CLANG_WARN__DUPLICATE_METHOD_MATCH = YES;
				CODE_SIGN_IDENTITY = "-";
				COPY_PHASE_STRIP = NO;
				DEBUG_INFORMATION_FORMAT = dwarf;
				ENABLE_STRICT_OBJC_MSGSEND = YES;
				ENABLE_TESTABILITY = YES;
				GCC_C_LANGUAGE_STANDARD = gnu99;
				GCC_DYNAMIC_NO_PIC = NO;
				GCC_NO_COMMON_BLOCKS = YES;
				GCC_OPTIMIZATION_LEVEL = 0;
				GCC_PREPROCESSOR_DEFINITIONS = (
					XCODE,
					"DEBUG=1",
					"$(inherited)",
				);
				GCC_WARN_64_TO_32_BIT_CONVERSION = YES;
				GCC_WARN_ABOUT_RETURN_TYPE = YES_ERROR;
				GCC_WARN_UNDECLARED_SELECTOR = YES;
				GCC_WARN_UNINITIALIZED_AUTOS = YES_AGGRESSIVE;
				GCC_WARN_UNUSED_FUNCTION = YES;
				GCC_WARN_UNUSED_VARIABLE = YES;
				HEADER_SEARCH_PATHS = /usr/local/include;
				LIBRARY_SEARCH_PATHS = /usr/local/lib;
				MACOSX_DEPLOYMENT_TARGET = 10.12;
				MTL_ENABLE_DEBUG_INFO = YES;
				ONLY_ACTIVE_ARCH = YES;
				OTHER_LDFLAGS = (
					"-lm",
					"-lpthread",
					"-ljpeg",
					"-lpng",
				);
				SDKROOT = macosx;
			};
			name = Debug;
		};
		A22F1CEF1EFED88400654A95 /* Release */ = {
			isa = XCBuildConfiguration;
			buildSettings = {
				ALWAYS_SEARCH_USER_PATHS = NO;
				CLANG_ANALYZER_NONNULL = YES;
				CLANG_ANALYZER_NUMBER_OBJECT_CONVERSION = YES_AGGRESSIVE;
				CLANG_CXX_LANGUAGE_STANDARD = "gnu++0x";
				CLANG_CXX_LIBRARY = "libc++";
				CLANG_ENABLE_MODULES = YES;
				CLANG_ENABLE_OBJC_ARC = YES;
				CLANG_WARN_BOOL_CONVERSION = YES;
				CLANG_WARN_CONSTANT_CONVERSION = YES;
				CLANG_WARN_DIRECT_OBJC_ISA_USAGE = YES_ERROR;
				CLANG_WARN_DOCUMENTATION_COMMENTS = YES;
				CLANG_WARN_EMPTY_BODY = YES;
				CLANG_WARN_ENUM_CONVERSION = YES;
				CLANG_WARN_INFINITE_RECURSION = YES;
				CLANG_WARN_INT_CONVERSION = YES;
				CLANG_WARN_OBJC_ROOT_CLASS = YES_ERROR;
				CLANG_WARN_SUSPICIOUS_MOVE = YES;
				CLANG_WARN_UNREACHABLE_CODE = YES;
				CLANG_WARN__DUPLICATE_METHOD_MATCH = YES;
				CODE_SIGN_IDENTITY = "-";
				COPY_PHASE_STRIP = NO;
				DEBUG_INFORMATION_FORMAT = "dwarf-with-dsym";
				ENABLE_NS_ASSERTIONS = NO;
				ENABLE_STRICT_OBJC_MSGSEND = YES;
				GCC_C_LANGUAGE_STANDARD = gnu99;
				GCC_NO_COMMON_BLOCKS = YES;
				GCC_PREPROCESSOR_DEFINITIONS = XCODE;
				GCC_WARN_64_TO_32_BIT_CONVERSION = YES;
				GCC_WARN_ABOUT_RETURN_TYPE = YES_ERROR;
				GCC_WARN_UNDECLARED_SELECTOR = YES;
				GCC_WARN_UNINITIALIZED_AUTOS = YES_AGGRESSIVE;
				GCC_WARN_UNUSED_FUNCTION = YES;
				GCC_WARN_UNUSED_VARIABLE = YES;
				HEADER_SEARCH_PATHS = /usr/local/include;
				LIBRARY_SEARCH_PATHS = /usr/local/lib;
				MACOSX_DEPLOYMENT_TARGET = 10.12;
				MTL_ENABLE_DEBUG_INFO = NO;
				OTHER_LDFLAGS = (
					"-lm",
					"-lpthread",
					"-ljpeg",
					"-lpng",
				);
				SDKROOT = macosx;
			};
			name = Release;
		};
		A22F1CF11EFED88400654A95 /* Debug */ = {
			isa = XCBuildConfiguration;
			buildSettings = {
				PRODUCT_NAME = "$(TARGET_NAME)";
			};
			name = Debug;
		};
		A22F1CF21EFED88400654A95 /* Release */ = {
			isa = XCBuildConfiguration;
			buildSettings = {
				PRODUCT_NAME = "$(TARGET_NAME)";
			};
			name = Release;
		};
/* End XCBuildConfiguration section */

/* Begin XCConfigurationList section */
		A22F1CE41EFED88400654A95 /* Build configuration list for PBXProject "SeamCarver" */ = {
			isa = XCConfigurationList;
			buildConfigurations = (
				A22F1CEE1EFED88400654A95 /* Debug */,
				A22F1CEF1EFED88400654A95 /* Release */,
			);
			defaultConfigurationIsVisible = 0;
			defaultConfigurationName = Release;
		};
		A22F1CF01EFED88400654A95 /* Build configuration list for PBXNativeTarget "SeamCarver" */ = {
			isa = XCConfigurationList;
			buildConfigurations = (
				A22F1CF11EFED88400654A95 /* Debug */,
				A22F1CF21EFED88400654A95 /* Release */,
			);
			defaultConfigurationIsVisible = 0;
			defaultConfigurationName = Release;
		};
/* End XCConfigurationList section */
	};
	rootObject = A22F1CE11EFED88400654A95 /* Project object */;
}
